
Microsoft Visual Studio Solution File, Format Version 12.00
# Visual Studio Version 16
VisualStudioVersion = 16.0.28714.193
MinimumVisualStudioVersion = 15.0.26124.0
Project("{2150E333-8FDC-42A3-9474-1A3956D46DE8}") = "Solution Items", "Solution Items", "{1CA44929-F215-4B59-A1F4-5D62654E0C8E}"
	ProjectSection(SolutionItems) = preProject
		.editorconfig = .editorconfig
		.gitattributes = .gitattributes
		.gitignore = .gitignore
		.gitmodules = .gitmodules
		AllRules.ruleset = AllRules.ruleset
		Directory.Build.props = Directory.Build.props
		Directory.Meta.props = Directory.Meta.props
		Directory.Version.props = Directory.Version.props
		LICENSE = LICENSE
	EndProjectSection
EndProject
Project("{2150E333-8FDC-42A3-9474-1A3956D46DE8}") = "dotnet-common", "dotnet-common", "{C5BA4268-A66A-412C-BC1B-DCB12F5862EE}"
EndProject
Project("{2150E333-8FDC-42A3-9474-1A3956D46DE8}") = "src", "src", "{76E7B103-EF34-483A-9D7C-368EC490B588}"
EndProject
Project("{FAE04EC0-301F-11D3-BF4B-00C04F79EFBC}") = "THNETII.Common", "dotnet-common\src\THNETII.Common\THNETII.Common.csproj", "{27CD091E-74F4-47CD-A9FB-3CD40944CB3C}"
EndProject
Project("{FAE04EC0-301F-11D3-BF4B-00C04F79EFBC}") = "THNETII.Common.Cli", "dotnet-common\src\THNETII.Common.Cli\THNETII.Common.Cli.csproj", "{596D2E48-D2D1-4754-9D0A-EDB786E5A8FD}"
EndProject
Project("{FAE04EC0-301F-11D3-BF4B-00C04F79EFBC}") = "THNETII.Common.BaseN", "dotnet-common\src\THNETII.Common.BaseN\THNETII.Common.BaseN.csproj", "{01473550-A41C-4929-96DE-662FD8F87525}"
EndProject
Project("{2150E333-8FDC-42A3-9474-1A3956D46DE8}") = "src", "src", "{06E850FE-A7F9-4AC2-A1E5-2B7EA749F74C}"
EndProject
Project("{FAE04EC0-301F-11D3-BF4B-00C04F79EFBC}") = "THNETII.Base64UrlSafe.Cli", "src\THNETII.Base64UrlSafe.Cli\THNETII.Base64UrlSafe.Cli.csproj", "{F223C2F9-A160-4AD2-A1B4-F7D77D04183A}"
EndProject
Project("{FAE04EC0-301F-11D3-BF4B-00C04F79EFBC}") = "THNETII.Common.Serialization", "dotnet-common\src\THNETII.Common.Serialization\THNETII.Common.Serialization.csproj", "{61CA682A-3D89-4269-83CF-9E7C2036C1CF}"
EndProject
Project("{FAE04EC0-301F-11D3-BF4B-00C04F79EFBC}") = "THNETII.Common.Buffers", "dotnet-common\src\THNETII.Common.Buffers\THNETII.Common.Buffers.csproj", "{20A156A0-0C1C-4D45-88A9-E90B54711192}"
EndProject
Project("{FAE04EC0-301F-11D3-BF4B-00C04F79EFBC}") = "THNETII.Common.IO.Extensions", "dotnet-common\src\THNETII.Common.IO.Extensions\THNETII.Common.IO.Extensions.csproj", "{877C203B-F534-4993-8D1A-3A0633CB846B}"
EndProject
Project("{FAE04EC0-301F-11D3-BF4B-00C04F79EFBC}") = "THNETII.Common.Text.Extensions", "dotnet-common\src\THNETII.Common.Text.Extensions\THNETII.Common.Text.Extensions.csproj", "{1DCC3E01-9992-40F1-A67B-B28EDDD28CA5}"
EndProject
Global
	GlobalSection(SolutionConfigurationPlatforms) = preSolution
		Debug|Any CPU = Debug|Any CPU
		Debug|x64 = Debug|x64
		Debug|x86 = Debug|x86
		Release|Any CPU = Release|Any CPU
		Release|x64 = Release|x64
		Release|x86 = Release|x86
	EndGlobalSection
	GlobalSection(SolutionProperties) = preSolution
		HideSolutionNode = FALSE
	EndGlobalSection
	GlobalSection(ExtensibilityGlobals) = postSolution
		SolutionGuid = {E7B45E6B-D64E-43F8-A4F5-6E499A8F79A3}
	EndGlobalSection
	GlobalSection(ProjectConfigurationPlatforms) = postSolution
		{27CD091E-74F4-47CD-A9FB-3CD40944CB3C}.Debug|Any CPU.ActiveCfg = Debug|Any CPU
		{27CD091E-74F4-47CD-A9FB-3CD40944CB3C}.Debug|Any CPU.Build.0 = Debug|Any CPU
		{27CD091E-74F4-47CD-A9FB-3CD40944CB3C}.Debug|x64.ActiveCfg = Debug|Any CPU
		{27CD091E-74F4-47CD-A9FB-3CD40944CB3C}.Debug|x64.Build.0 = Debug|Any CPU
		{27CD091E-74F4-47CD-A9FB-3CD40944CB3C}.Debug|x86.ActiveCfg = Debug|Any CPU
		{27CD091E-74F4-47CD-A9FB-3CD40944CB3C}.Debug|x86.Build.0 = Debug|Any CPU
		{27CD091E-74F4-47CD-A9FB-3CD40944CB3C}.Release|Any CPU.ActiveCfg = Release|Any CPU
		{27CD091E-74F4-47CD-A9FB-3CD40944CB3C}.Release|Any CPU.Build.0 = Release|Any CPU
		{27CD091E-74F4-47CD-A9FB-3CD40944CB3C}.Release|x64.ActiveCfg = Release|Any CPU
		{27CD091E-74F4-47CD-A9FB-3CD40944CB3C}.Release|x64.Build.0 = Release|Any CPU
		{27CD091E-74F4-47CD-A9FB-3CD40944CB3C}.Release|x86.ActiveCfg = Release|Any CPU
		{27CD091E-74F4-47CD-A9FB-3CD40944CB3C}.Release|x86.Build.0 = Release|Any CPU
		{596D2E48-D2D1-4754-9D0A-EDB786E5A8FD}.Debug|Any CPU.ActiveCfg = Debug|Any CPU
		{596D2E48-D2D1-4754-9D0A-EDB786E5A8FD}.Debug|Any CPU.Build.0 = Debug|Any CPU
		{596D2E48-D2D1-4754-9D0A-EDB786E5A8FD}.Debug|x64.ActiveCfg = Debug|Any CPU
		{596D2E48-D2D1-4754-9D0A-EDB786E5A8FD}.Debug|x64.Build.0 = Debug|Any CPU
		{596D2E48-D2D1-4754-9D0A-EDB786E5A8FD}.Debug|x86.ActiveCfg = Debug|Any CPU
		{596D2E48-D2D1-4754-9D0A-EDB786E5A8FD}.Debug|x86.Build.0 = Debug|Any CPU
		{596D2E48-D2D1-4754-9D0A-EDB786E5A8FD}.Release|Any CPU.ActiveCfg = Release|Any CPU
		{596D2E48-D2D1-4754-9D0A-EDB786E5A8FD}.Release|Any CPU.Build.0 = Release|Any CPU
		{596D2E48-D2D1-4754-9D0A-EDB786E5A8FD}.Release|x64.ActiveCfg = Release|Any CPU
		{596D2E48-D2D1-4754-9D0A-EDB786E5A8FD}.Release|x64.Build.0 = Release|Any CPU
		{596D2E48-D2D1-4754-9D0A-EDB786E5A8FD}.Release|x86.ActiveCfg = Release|Any CPU
		{596D2E48-D2D1-4754-9D0A-EDB786E5A8FD}.Release|x86.Build.0 = Release|Any CPU
		{01473550-A41C-4929-96DE-662FD8F87525}.Debug|Any CPU.ActiveCfg = Debug|Any CPU
		{01473550-A41C-4929-96DE-662FD8F87525}.Debug|Any CPU.Build.0 = Debug|Any CPU
		{01473550-A41C-4929-96DE-662FD8F87525}.Debug|x64.ActiveCfg = Debug|Any CPU
		{01473550-A41C-4929-96DE-662FD8F87525}.Debug|x64.Build.0 = Debug|Any CPU
		{01473550-A41C-4929-96DE-662FD8F87525}.Debug|x86.ActiveCfg = Debug|Any CPU
		{01473550-A41C-4929-96DE-662FD8F87525}.Debug|x86.Build.0 = Debug|Any CPU
		{01473550-A41C-4929-96DE-662FD8F87525}.Release|Any CPU.ActiveCfg = Release|Any CPU
		{01473550-A41C-4929-96DE-662FD8F87525}.Release|Any CPU.Build.0 = Release|Any CPU
		{01473550-A41C-4929-96DE-662FD8F87525}.Release|x64.ActiveCfg = Release|Any CPU
		{01473550-A41C-4929-96DE-662FD8F87525}.Release|x64.Build.0 = Release|Any CPU
		{01473550-A41C-4929-96DE-662FD8F87525}.Release|x86.ActiveCfg = Release|Any CPU
		{01473550-A41C-4929-96DE-662FD8F87525}.Release|x86.Build.0 = Release|Any CPU
		{F223C2F9-A160-4AD2-A1B4-F7D77D04183A}.Debug|Any CPU.ActiveCfg = Debug|Any CPU
		{F223C2F9-A160-4AD2-A1B4-F7D77D04183A}.Debug|Any CPU.Build.0 = Debug|Any CPU
		{F223C2F9-A160-4AD2-A1B4-F7D77D04183A}.Debug|x64.ActiveCfg = Debug|Any CPU
		{F223C2F9-A160-4AD2-A1B4-F7D77D04183A}.Debug|x64.Build.0 = Debug|Any CPU
		{F223C2F9-A160-4AD2-A1B4-F7D77D04183A}.Debug|x86.ActiveCfg = Debug|Any CPU
		{F223C2F9-A160-4AD2-A1B4-F7D77D04183A}.Debug|x86.Build.0 = Debug|Any CPU
		{F223C2F9-A160-4AD2-A1B4-F7D77D04183A}.Release|Any CPU.ActiveCfg = Release|Any CPU
		{F223C2F9-A160-4AD2-A1B4-F7D77D04183A}.Release|Any CPU.Build.0 = Release|Any CPU
		{F223C2F9-A160-4AD2-A1B4-F7D77D04183A}.Release|x64.ActiveCfg = Release|Any CPU
		{F223C2F9-A160-4AD2-A1B4-F7D77D04183A}.Release|x64.Build.0 = Release|Any CPU
		{F223C2F9-A160-4AD2-A1B4-F7D77D04183A}.Release|x86.ActiveCfg = Release|Any CPU
		{F223C2F9-A160-4AD2-A1B4-F7D77D04183A}.Release|x86.Build.0 = Release|Any CPU
		{61CA682A-3D89-4269-83CF-9E7C2036C1CF}.Debug|Any CPU.ActiveCfg = Debug|Any CPU
		{61CA682A-3D89-4269-83CF-9E7C2036C1CF}.Debug|Any CPU.Build.0 = Debug|Any CPU
		{61CA682A-3D89-4269-83CF-9E7C2036C1CF}.Debug|x64.ActiveCfg = Debug|Any CPU
		{61CA682A-3D89-4269-83CF-9E7C2036C1CF}.Debug|x64.Build.0 = Debug|Any CPU
		{61CA682A-3D89-4269-83CF-9E7C2036C1CF}.Debug|x86.ActiveCfg = Debug|Any CPU
		{61CA682A-3D89-4269-83CF-9E7C2036C1CF}.Debug|x86.Build.0 = Debug|Any CPU
		{61CA682A-3D89-4269-83CF-9E7C2036C1CF}.Release|Any CPU.ActiveCfg = Release|Any CPU
		{61CA682A-3D89-4269-83CF-9E7C2036C1CF}.Release|Any CPU.Build.0 = Release|Any CPU
		{61CA682A-3D89-4269-83CF-9E7C2036C1CF}.Release|x64.ActiveCfg = Release|Any CPU
		{61CA682A-3D89-4269-83CF-9E7C2036C1CF}.Release|x64.Build.0 = Release|Any CPU
		{61CA682A-3D89-4269-83CF-9E7C2036C1CF}.Release|x86.ActiveCfg = Release|Any CPU
		{61CA682A-3D89-4269-83CF-9E7C2036C1CF}.Release|x86.Build.0 = Release|Any CPU
		{20A156A0-0C1C-4D45-88A9-E90B54711192}.Debug|Any CPU.ActiveCfg = Debug|Any CPU
		{20A156A0-0C1C-4D45-88A9-E90B54711192}.Debug|Any CPU.Build.0 = Debug|Any CPU
		{20A156A0-0C1C-4D45-88A9-E90B54711192}.Debug|x64.ActiveCfg = Debug|Any CPU
		{20A156A0-0C1C-4D45-88A9-E90B54711192}.Debug|x64.Build.0 = Debug|Any CPU
		{20A156A0-0C1C-4D45-88A9-E90B54711192}.Debug|x86.ActiveCfg = Debug|Any CPU
		{20A156A0-0C1C-4D45-88A9-E90B54711192}.Debug|x86.Build.0 = Debug|Any CPU
		{20A156A0-0C1C-4D45-88A9-E90B54711192}.Release|Any CPU.ActiveCfg = Release|Any CPU
		{20A156A0-0C1C-4D45-88A9-E90B54711192}.Release|Any CPU.Build.0 = Release|Any CPU
		{20A156A0-0C1C-4D45-88A9-E90B54711192}.Release|x64.ActiveCfg = Release|Any CPU
		{20A156A0-0C1C-4D45-88A9-E90B54711192}.Release|x64.Build.0 = Release|Any CPU
		{20A156A0-0C1C-4D45-88A9-E90B54711192}.Release|x86.ActiveCfg = Release|Any CPU
		{20A156A0-0C1C-4D45-88A9-E90B54711192}.Release|x86.Build.0 = Release|Any CPU
		{877C203B-F534-4993-8D1A-3A0633CB846B}.Debug|Any CPU.ActiveCfg = Debug|Any CPU
		{877C203B-F534-4993-8D1A-3A0633CB846B}.Debug|Any CPU.Build.0 = Debug|Any CPU
		{877C203B-F534-4993-8D1A-3A0633CB846B}.Debug|x64.ActiveCfg = Debug|Any CPU
		{877C203B-F534-4993-8D1A-3A0633CB846B}.Debug|x64.Build.0 = Debug|Any CPU
		{877C203B-F534-4993-8D1A-3A0633CB846B}.Debug|x86.ActiveCfg = Debug|Any CPU
		{877C203B-F534-4993-8D1A-3A0633CB846B}.Debug|x86.Build.0 = Debug|Any CPU
		{877C203B-F534-4993-8D1A-3A0633CB846B}.Release|Any CPU.ActiveCfg = Release|Any CPU
		{877C203B-F534-4993-8D1A-3A0633CB846B}.Release|Any CPU.Build.0 = Release|Any CPU
		{877C203B-F534-4993-8D1A-3A0633CB846B}.Release|x64.ActiveCfg = Release|Any CPU
		{877C203B-F534-4993-8D1A-3A0633CB846B}.Release|x64.Build.0 = Release|Any CPU
		{877C203B-F534-4993-8D1A-3A0633CB846B}.Release|x86.ActiveCfg = Release|Any CPU
		{877C203B-F534-4993-8D1A-3A0633CB846B}.Release|x86.Build.0 = Release|Any CPU
		{1DCC3E01-9992-40F1-A67B-B28EDDD28CA5}.Debug|Any CPU.ActiveCfg = Debug|Any CPU
		{1DCC3E01-9992-40F1-A67B-B28EDDD28CA5}.Debug|Any CPU.Build.0 = Debug|Any CPU
		{1DCC3E01-9992-40F1-A67B-B28EDDD28CA5}.Debug|x64.ActiveCfg = Debug|Any CPU
		{1DCC3E01-9992-40F1-A67B-B28EDDD28CA5}.Debug|x64.Build.0 = Debug|Any CPU
		{1DCC3E01-9992-40F1-A67B-B28EDDD28CA5}.Debug|x86.ActiveCfg = Debug|Any CPU
		{1DCC3E01-9992-40F1-A67B-B28EDDD28CA5}.Debug|x86.Build.0 = Debug|Any CPU
		{1DCC3E01-9992-40F1-A67B-B28EDDD28CA5}.Release|Any CPU.ActiveCfg = Release|Any CPU
		{1DCC3E01-9992-40F1-A67B-B28EDDD28CA5}.Release|Any CPU.Build.0 = Release|Any CPU
		{1DCC3E01-9992-40F1-A67B-B28EDDD28CA5}.Release|x64.ActiveCfg = Release|Any CPU
		{1DCC3E01-9992-40F1-A67B-B28EDDD28CA5}.Release|x64.Build.0 = Release|Any CPU
		{1DCC3E01-9992-40F1-A67B-B28EDDD28CA5}.Release|x86.ActiveCfg = Release|Any CPU
		{1DCC3E01-9992-40F1-A67B-B28EDDD28CA5}.Release|x86.Build.0 = Release|Any CPU
	EndGlobalSection
	GlobalSection(NestedProjects) = preSolution
		{76E7B103-EF34-483A-9D7C-368EC490B588} = {C5BA4268-A66A-412C-BC1B-DCB12F5862EE}
		{27CD091E-74F4-47CD-A9FB-3CD40944CB3C} = {76E7B103-EF34-483A-9D7C-368EC490B588}
		{596D2E48-D2D1-4754-9D0A-EDB786E5A8FD} = {76E7B103-EF34-483A-9D7C-368EC490B588}
		{01473550-A41C-4929-96DE-662FD8F87525} = {76E7B103-EF34-483A-9D7C-368EC490B588}
		{F223C2F9-A160-4AD2-A1B4-F7D77D04183A} = {06E850FE-A7F9-4AC2-A1E5-2B7EA749F74C}
		{61CA682A-3D89-4269-83CF-9E7C2036C1CF} = {76E7B103-EF34-483A-9D7C-368EC490B588}
		{20A156A0-0C1C-4D45-88A9-E90B54711192} = {76E7B103-EF34-483A-9D7C-368EC490B588}
		{877C203B-F534-4993-8D1A-3A0633CB846B} = {76E7B103-EF34-483A-9D7C-368EC490B588}
		{1DCC3E01-9992-40F1-A67B-B28EDDD28CA5} = {76E7B103-EF34-483A-9D7C-368EC490B588}
	EndGlobalSection
EndGlobal
